// !$*UTF8*$!
{
	archiveVersion = 1;
	classes = {
	};
	objectVersion = 46;
	objects = {

/* Begin PBXBuildFile section */
		68952E8D9366146989972A8A /* Pods_PizzaClient.framework in Frameworks */ = {isa = PBXBuildFile; fileRef = 0324BAADBD8C0AB5EAD92B11 /* Pods_PizzaClient.framework */; };
		885768C51F366ACD0052C4FE /* PizzaToppingTableViewCell.swift in Sources */ = {isa = PBXBuildFile; fileRef = 885768C41F366ACD0052C4FE /* PizzaToppingTableViewCell.swift */; };
		885768C81F366C3A0052C4FE /* UITableView+AutoLayout.swift in Sources */ = {isa = PBXBuildFile; fileRef = 885768C71F366C3A0052C4FE /* UITableView+AutoLayout.swift */; };
		885768CA1F3686E60052C4FE /* ToppingListViewController.swift in Sources */ = {isa = PBXBuildFile; fileRef = 885768C91F3686E60052C4FE /* ToppingListViewController.swift */; };
		885768CC1F368BE90052C4FE /* UIViewController+Error.swift in Sources */ = {isa = PBXBuildFile; fileRef = 885768CB1F368BE90052C4FE /* UIViewController+Error.swift */; };
		885768D41F36CE450052C4FE /* PizzaTopping.swift in Sources */ = {isa = PBXBuildFile; fileRef = 885768D31F36CE450052C4FE /* PizzaTopping.swift */; };
		88C928DD1F34333300154780 /* AppDelegate.swift in Sources */ = {isa = PBXBuildFile; fileRef = 88C928DC1F34333300154780 /* AppDelegate.swift */; };
		88C928E21F34333300154780 /* Main.storyboard in Resources */ = {isa = PBXBuildFile; fileRef = 88C928E01F34333300154780 /* Main.storyboard */; };
		88C928E41F34333300154780 /* Assets.xcassets in Resources */ = {isa = PBXBuildFile; fileRef = 88C928E31F34333300154780 /* Assets.xcassets */; };
		88C928E71F34333300154780 /* LaunchScreen.storyboard in Resources */ = {isa = PBXBuildFile; fileRef = 88C928E51F34333300154780 /* LaunchScreen.storyboard */; };
		88C928F21F34345200154780 /* Pizza.swift in Sources */ = {isa = PBXBuildFile; fileRef = 88C928F11F34345200154780 /* Pizza.swift */; };
		88C928F41F34350C00154780 /* Topping.swift in Sources */ = {isa = PBXBuildFile; fileRef = 88C928F31F34350C00154780 /* Topping.swift */; };
		88C928F71F3435FB00154780 /* PizzaListViewController.swift in Sources */ = {isa = PBXBuildFile; fileRef = 88C928F61F3435FB00154780 /* PizzaListViewController.swift */; };
		88C928F91F3436C400154780 /* ServiceURLs.swift in Sources */ = {isa = PBXBuildFile; fileRef = 88C928F81F3436C400154780 /* ServiceURLs.swift */; };
		88C928FC1F34385C00154780 /* WebServiceClient.swift in Sources */ = {isa = PBXBuildFile; fileRef = 88C928FB1F34385C00154780 /* WebServiceClient.swift */; };
		88C928FE1F362DF600154780 /* PizzaViewController.swift in Sources */ = {isa = PBXBuildFile; fileRef = 88C928FD1F362DF600154780 /* PizzaViewController.swift */; };
/* End PBXBuildFile section */

/* Begin PBXFileReference section */
		0324BAADBD8C0AB5EAD92B11 /* Pods_PizzaClient.framework */ = {isa = PBXFileReference; explicitFileType = wrapper.framework; includeInIndex = 0; path = Pods_PizzaClient.framework; sourceTree = BUILT_PRODUCTS_DIR; };
		04C59DC2B9FC46059CE2967D /* Pods-PizzaClient.release.xcconfig */ = {isa = PBXFileReference; includeInIndex = 1; lastKnownFileType = text.xcconfig; name = "Pods-PizzaClient.release.xcconfig"; path = "Pods/Target Support Files/Pods-PizzaClient/Pods-PizzaClient.release.xcconfig"; sourceTree = "<group>"; };
		3184D6F59C06E6DA787D3335 /* Pods-PizzaClient.debug.xcconfig */ = {isa = PBXFileReference; includeInIndex = 1; lastKnownFileType = text.xcconfig; name = "Pods-PizzaClient.debug.xcconfig"; path = "Pods/Target Support Files/Pods-PizzaClient/Pods-PizzaClient.debug.xcconfig"; sourceTree = "<group>"; };
		885768C41F366ACD0052C4FE /* PizzaToppingTableViewCell.swift */ = {isa = PBXFileReference; fileEncoding = 4; lastKnownFileType = sourcecode.swift; path = PizzaToppingTableViewCell.swift; sourceTree = "<group>"; };
		885768C71F366C3A0052C4FE /* UITableView+AutoLayout.swift */ = {isa = PBXFileReference; fileEncoding = 4; lastKnownFileType = sourcecode.swift; path = "UITableView+AutoLayout.swift"; sourceTree = "<group>"; };
		885768C91F3686E60052C4FE /* ToppingListViewController.swift */ = {isa = PBXFileReference; fileEncoding = 4; lastKnownFileType = sourcecode.swift; path = ToppingListViewController.swift; sourceTree = "<group>"; };
		885768CB1F368BE90052C4FE /* UIViewController+Error.swift */ = {isa = PBXFileReference; fileEncoding = 4; lastKnownFileType = sourcecode.swift; path = "UIViewController+Error.swift"; sourceTree = "<group>"; };
		885768D31F36CE450052C4FE /* PizzaTopping.swift */ = {isa = PBXFileReference; fileEncoding = 4; lastKnownFileType = sourcecode.swift; path = PizzaTopping.swift; sourceTree = "<group>"; };
		88C928D91F34333300154780 /* PizzaClient.app */ = {isa = PBXFileReference; explicitFileType = wrapper.application; includeInIndex = 0; path = PizzaClient.app; sourceTree = BUILT_PRODUCTS_DIR; };
		88C928DC1F34333300154780 /* AppDelegate.swift */ = {isa = PBXFileReference; lastKnownFileType = sourcecode.swift; path = AppDelegate.swift; sourceTree = "<group>"; };
		88C928E11F34333300154780 /* Base */ = {isa = PBXFileReference; lastKnownFileType = file.storyboard; name = Base; path = Base.lproj/Main.storyboard; sourceTree = "<group>"; };
		88C928E31F34333300154780 /* Assets.xcassets */ = {isa = PBXFileReference; lastKnownFileType = folder.assetcatalog; path = Assets.xcassets; sourceTree = "<group>"; };
		88C928E61F34333300154780 /* Base */ = {isa = PBXFileReference; lastKnownFileType = file.storyboard; name = Base; path = Base.lproj/LaunchScreen.storyboard; sourceTree = "<group>"; };
		88C928E81F34333300154780 /* Info.plist */ = {isa = PBXFileReference; lastKnownFileType = text.plist.xml; path = Info.plist; sourceTree = "<group>"; };
		88C928F11F34345200154780 /* Pizza.swift */ = {isa = PBXFileReference; fileEncoding = 4; lastKnownFileType = sourcecode.swift; path = Pizza.swift; sourceTree = "<group>"; };
		88C928F31F34350C00154780 /* Topping.swift */ = {isa = PBXFileReference; fileEncoding = 4; lastKnownFileType = sourcecode.swift; path = Topping.swift; sourceTree = "<group>"; };
		88C928F61F3435FB00154780 /* PizzaListViewController.swift */ = {isa = PBXFileReference; fileEncoding = 4; lastKnownFileType = sourcecode.swift; path = PizzaListViewController.swift; sourceTree = "<group>"; };
		88C928F81F3436C400154780 /* ServiceURLs.swift */ = {isa = PBXFileReference; fileEncoding = 4; lastKnownFileType = sourcecode.swift; path = ServiceURLs.swift; sourceTree = "<group>"; };
		88C928FB1F34385C00154780 /* WebServiceClient.swift */ = {isa = PBXFileReference; fileEncoding = 4; lastKnownFileType = sourcecode.swift; path = WebServiceClient.swift; sourceTree = "<group>"; };
		88C928FD1F362DF600154780 /* PizzaViewController.swift */ = {isa = PBXFileReference; fileEncoding = 4; lastKnownFileType = sourcecode.swift; path = PizzaViewController.swift; sourceTree = "<group>"; };
/* End PBXFileReference section */

/* Begin PBXFrameworksBuildPhase section */
		88C928D61F34333300154780 /* Frameworks */ = {
			isa = PBXFrameworksBuildPhase;
			buildActionMask = 2147483647;
			files = (
				68952E8D9366146989972A8A /* Pods_PizzaClient.framework in Frameworks */,
			);
			runOnlyForDeploymentPostprocessing = 0;
		};
/* End PBXFrameworksBuildPhase section */

/* Begin PBXGroup section */
		410C54327B5447A60FF20C2B /* Pods */ = {
			isa = PBXGroup;
			children = (
				3184D6F59C06E6DA787D3335 /* Pods-PizzaClient.debug.xcconfig */,
				04C59DC2B9FC46059CE2967D /* Pods-PizzaClient.release.xcconfig */,
			);
			name = Pods;
			sourceTree = "<group>";
		};
		885768C31F366AA90052C4FE /* Views */ = {
			isa = PBXGroup;
			children = (
				885768C41F366ACD0052C4FE /* PizzaToppingTableViewCell.swift */,
			);
			path = Views;
			sourceTree = "<group>";
		};
		885768C61F366C1F0052C4FE /* Extensions */ = {
			isa = PBXGroup;
			children = (
				885768C71F366C3A0052C4FE /* UITableView+AutoLayout.swift */,
				885768CB1F368BE90052C4FE /* UIViewController+Error.swift */,
			);
			path = Extensions;
			sourceTree = "<group>";
		};
		88C928D01F34333300154780 = {
			isa = PBXGroup;
			children = (
				88C928DB1F34333300154780 /* PizzaClient */,
				88C928DA1F34333300154780 /* Products */,
				410C54327B5447A60FF20C2B /* Pods */,
				DA604FB0C2FEAF0542D1AEE9 /* Frameworks */,
			);
			sourceTree = "<group>";
		};
		88C928DA1F34333300154780 /* Products */ = {
			isa = PBXGroup;
			children = (
				88C928D91F34333300154780 /* PizzaClient.app */,
			);
			name = Products;
			sourceTree = "<group>";
		};
		88C928DB1F34333300154780 /* PizzaClient */ = {
			isa = PBXGroup;
			children = (
				88C928DC1F34333300154780 /* AppDelegate.swift */,
				88C928E31F34333300154780 /* Assets.xcassets */,
				885768C61F366C1F0052C4FE /* Extensions */,
				88C928E81F34333300154780 /* Info.plist */,
				88C928E51F34333300154780 /* LaunchScreen.storyboard */,
				88C928E01F34333300154780 /* Main.storyboard */,
				88C928EE1F34335600154780 /* Models */,
				88C928FA1F34381400154780 /* Network */,
				88C928F51F3435DC00154780 /* ViewControllers */,
				885768C31F366AA90052C4FE /* Views */,
			);
			path = PizzaClient;
			sourceTree = "<group>";
		};
		88C928EE1F34335600154780 /* Models */ = {
			isa = PBXGroup;
			children = (
				88C928F11F34345200154780 /* Pizza.swift */,
				88C928F31F34350C00154780 /* Topping.swift */,
				885768D31F36CE450052C4FE /* PizzaTopping.swift */,
			);
			path = Models;
			sourceTree = "<group>";
		};
		88C928F51F3435DC00154780 /* ViewControllers */ = {
			isa = PBXGroup;
			children = (
				88C928F61F3435FB00154780 /* PizzaListViewController.swift */,
				88C928FD1F362DF600154780 /* PizzaViewController.swift */,
				885768C91F3686E60052C4FE /* ToppingListViewController.swift */,
			);
			path = ViewControllers;
			sourceTree = "<group>";
		};
		88C928FA1F34381400154780 /* Network */ = {
			isa = PBXGroup;
			children = (
				88C928F81F3436C400154780 /* ServiceURLs.swift */,
				88C928FB1F34385C00154780 /* WebServiceClient.swift */,
			);
			path = Network;
			sourceTree = "<group>";
		};
		DA604FB0C2FEAF0542D1AEE9 /* Frameworks */ = {
			isa = PBXGroup;
			children = (
				0324BAADBD8C0AB5EAD92B11 /* Pods_PizzaClient.framework */,
			);
			name = Frameworks;
			sourceTree = "<group>";
		};
/* End PBXGroup section */

/* Begin PBXNativeTarget section */
		88C928D81F34333300154780 /* PizzaClient */ = {
			isa = PBXNativeTarget;
			buildConfigurationList = 88C928EB1F34333300154780 /* Build configuration list for PBXNativeTarget "PizzaClient" */;
			buildPhases = (
				A4D8B05F83197FFC55964AE7 /* [CP] Check Pods Manifest.lock */,
				88C928D51F34333300154780 /* Sources */,
				88C928D61F34333300154780 /* Frameworks */,
				88C928D71F34333300154780 /* Resources */,
				7D475544D3602C23B5530943 /* [CP] Embed Pods Frameworks */,
				1EE8A611C094649D213844AD /* [CP] Copy Pods Resources */,
			);
			buildRules = (
			);
			dependencies = (
			);
			name = PizzaClient;
			productName = PizzaClient;
			productReference = 88C928D91F34333300154780 /* PizzaClient.app */;
			productType = "com.apple.product-type.application";
		};
/* End PBXNativeTarget section */

/* Begin PBXProject section */
		88C928D11F34333300154780 /* Project object */ = {
			isa = PBXProject;
			attributes = {
				LastSwiftUpdateCheck = 0830;
				LastUpgradeCheck = 0830;
				ORGANIZATIONNAME = "Al Wold";
				TargetAttributes = {
					88C928D81F34333300154780 = {
						CreatedOnToolsVersion = 8.3.3;
						ProvisioningStyle = Automatic;
					};
				};
			};
			buildConfigurationList = 88C928D41F34333300154780 /* Build configuration list for PBXProject "PizzaClient" */;
			compatibilityVersion = "Xcode 3.2";
			developmentRegion = English;
			hasScannedForEncodings = 0;
			knownRegions = (
				en,
				Base,
			);
			mainGroup = 88C928D01F34333300154780;
			productRefGroup = 88C928DA1F34333300154780 /* Products */;
			projectDirPath = "";
			projectRoot = "";
			targets = (
				88C928D81F34333300154780 /* PizzaClient */,
			);
		};
/* End PBXProject section */

/* Begin PBXResourcesBuildPhase section */
		88C928D71F34333300154780 /* Resources */ = {
			isa = PBXResourcesBuildPhase;
			buildActionMask = 2147483647;
			files = (
				88C928E71F34333300154780 /* LaunchScreen.storyboard in Resources */,
				88C928E41F34333300154780 /* Assets.xcassets in Resources */,
				88C928E21F34333300154780 /* Main.storyboard in Resources */,
			);
			runOnlyForDeploymentPostprocessing = 0;
		};
/* End PBXResourcesBuildPhase section */

/* Begin PBXShellScriptBuildPhase section */
		1EE8A611C094649D213844AD /* [CP] Copy Pods Resources */ = {
			isa = PBXShellScriptBuildPhase;
			buildActionMask = 2147483647;
			files = (
			);
			inputPaths = (
			);
			name = "[CP] Copy Pods Resources";
			outputPaths = (
			);
			runOnlyForDeploymentPostprocessing = 0;
			shellPath = /bin/sh;
			shellScript = "\"${SRCROOT}/Pods/Target Support Files/Pods-PizzaClient/Pods-PizzaClient-resources.sh\"\n";
			showEnvVarsInLog = 0;
		};
		7D475544D3602C23B5530943 /* [CP] Embed Pods Frameworks */ = {
			isa = PBXShellScriptBuildPhase;
			buildActionMask = 2147483647;
			files = (
			);
			inputPaths = (
			);
			name = "[CP] Embed Pods Frameworks";
			outputPaths = (
			);
			runOnlyForDeploymentPostprocessing = 0;
			shellPath = /bin/sh;
			shellScript = "\"${SRCROOT}/Pods/Target Support Files/Pods-PizzaClient/Pods-PizzaClient-frameworks.sh\"\n";
			showEnvVarsInLog = 0;
		};
		A4D8B05F83197FFC55964AE7 /* [CP] Check Pods Manifest.lock */ = {
			isa = PBXShellScriptBuildPhase;
			buildActionMask = 2147483647;
			files = (
			);
			inputPaths = (
			);
			name = "[CP] Check Pods Manifest.lock";
			outputPaths = (
			);
			runOnlyForDeploymentPostprocessing = 0;
			shellPath = /bin/sh;
			shellScript = "diff \"${PODS_PODFILE_DIR_PATH}/Podfile.lock\" \"${PODS_ROOT}/Manifest.lock\" > /dev/null\nif [ $? != 0 ] ; then\n    # print error to STDERR\n    echo \"error: The sandbox is not in sync with the Podfile.lock. Run 'pod install' or update your CocoaPods installation.\" >&2\n    exit 1\nfi\n";
			showEnvVarsInLog = 0;
		};
/* End PBXShellScriptBuildPhase section */

/* Begin PBXSourcesBuildPhase section */
		88C928D51F34333300154780 /* Sources */ = {
			isa = PBXSourcesBuildPhase;
			buildActionMask = 2147483647;
			files = (
				885768D41F36CE450052C4FE /* PizzaTopping.swift in Sources */,
				88C928F41F34350C00154780 /* Topping.swift in Sources */,
				88C928FE1F362DF600154780 /* PizzaViewController.swift in Sources */,
				885768C81F366C3A0052C4FE /* UITableView+AutoLayout.swift in Sources */,
				88C928F91F3436C400154780 /* ServiceURLs.swift in Sources */,
				88C928F71F3435FB00154780 /* PizzaListViewController.swift in Sources */,
				885768C51F366ACD0052C4FE /* PizzaToppingTableViewCell.swift in Sources */,
				885768CA1F3686E60052C4FE /* ToppingListViewController.swift in Sources */,
				88C928FC1F34385C00154780 /* WebServiceClient.swift in Sources */,
				885768CC1F368BE90052C4FE /* UIViewController+Error.swift in Sources */,
				88C928DD1F34333300154780 /* AppDelegate.swift in Sources */,
				88C928F21F34345200154780 /* Pizza.swift in Sources */,
			);
			runOnlyForDeploymentPostprocessing = 0;
		};
/* End PBXSourcesBuildPhase section */

/* Begin PBXVariantGroup section */
		88C928E01F34333300154780 /* Main.storyboard */ = {
			isa = PBXVariantGroup;
			children = (
				88C928E11F34333300154780 /* Base */,
			);
			name = Main.storyboard;
			sourceTree = "<group>";
		};
		88C928E51F34333300154780 /* LaunchScreen.storyboard */ = {
			isa = PBXVariantGroup;
			children = (
				88C928E61F34333300154780 /* Base */,
			);
			name = LaunchScreen.storyboard;
			sourceTree = "<group>";
		};
/* End PBXVariantGroup section */

/* Begin XCBuildConfiguration section */
		88C928E91F34333300154780 /* Debug */ = {
			isa = XCBuildConfiguration;
			buildSettings = {
				ALWAYS_SEARCH_USER_PATHS = NO;
				CLANG_ANALYZER_NONNULL = YES;
				CLANG_ANALYZER_NUMBER_OBJECT_CONVERSION = YES_AGGRESSIVE;
				CLANG_CXX_LANGUAGE_STANDARD = "gnu++0x";
				CLANG_CXX_LIBRARY = "libc++";
				CLANG_ENABLE_MODULES = YES;
				CLANG_ENABLE_OBJC_ARC = YES;
				CLANG_WARN_BOOL_CONVERSION = YES;
				CLANG_WARN_CONSTANT_CONVERSION = YES;
				CLANG_WARN_DIRECT_OBJC_ISA_USAGE = YES_ERROR;
				CLANG_WARN_DOCUMENTATION_COMMENTS = YES;
				CLANG_WARN_EMPTY_BODY = YES;
				CLANG_WARN_ENUM_CONVERSION = YES;
				CLANG_WARN_INFINITE_RECURSION = YES;
				CLANG_WARN_INT_CONVERSION = YES;
				CLANG_WARN_OBJC_ROOT_CLASS = YES_ERROR;
				CLANG_WARN_SUSPICIOUS_MOVE = YES;
				CLANG_WARN_UNREACHABLE_CODE = YES;
				CLANG_WARN__DUPLICATE_METHOD_MATCH = YES;
				"CODE_SIGN_IDENTITY[sdk=iphoneos*]" = "iPhone Developer";
				COPY_PHASE_STRIP = NO;
				DEBUG_INFORMATION_FORMAT = dwarf;
				ENABLE_STRICT_OBJC_MSGSEND = YES;
				ENABLE_TESTABILITY = YES;
				GCC_C_LANGUAGE_STANDARD = gnu99;
				GCC_DYNAMIC_NO_PIC = NO;
				GCC_NO_COMMON_BLOCKS = YES;
				GCC_OPTIMIZATION_LEVEL = 0;
				GCC_PREPROCESSOR_DEFINITIONS = (
					"DEBUG=1",
					"$(inherited)",
				);
				GCC_WARN_64_TO_32_BIT_CONVERSION = YES;
				GCC_WARN_ABOUT_RETURN_TYPE = YES_ERROR;
				GCC_WARN_UNDECLARED_SELECTOR = YES;
				GCC_WARN_UNINITIALIZED_AUTOS = YES_AGGRESSIVE;
				GCC_WARN_UNUSED_FUNCTION = YES;
				GCC_WARN_UNUSED_VARIABLE = YES;
				IPHONEOS_DEPLOYMENT_TARGET = 10.3;
				MTL_ENABLE_DEBUG_INFO = YES;
				ONLY_ACTIVE_ARCH = YES;
				SDKROOT = iphoneos;
				SWIFT_ACTIVE_COMPILATION_CONDITIONS = DEBUG;
				SWIFT_OPTIMIZATION_LEVEL = "-Onone";
				TARGETED_DEVICE_FAMILY = "1,2";
			};
			name = Debug;
		};
		88C928EA1F34333300154780 /* Release */ = {
			isa = XCBuildConfiguration;
			buildSettings = {
				ALWAYS_SEARCH_USER_PATHS = NO;
				CLANG_ANALYZER_NONNULL = YES;
				CLANG_ANALYZER_NUMBER_OBJECT_CONVERSION = YES_AGGRESSIVE;
				CLANG_CXX_LANGUAGE_STANDARD = "gnu++0x";
				CLANG_CXX_LIBRARY = "libc++";
				CLANG_ENABLE_MODULES = YES;
				CLANG_ENABLE_OBJC_ARC = YES;
				CLANG_WARN_BOOL_CONVERSION = YES;
				CLANG_WARN_CONSTANT_CONVERSION = YES;
				CLANG_WARN_DIRECT_OBJC_ISA_USAGE = YES_ERROR;
				CLANG_WARN_DOCUMENTATION_COMMENTS = YES;
				CLANG_WARN_EMPTY_BODY = YES;
				CLANG_WARN_ENUM_CONVERSION = YES;
				CLANG_WARN_INFINITE_RECURSION = YES;
				CLANG_WARN_INT_CONVERSION = YES;
				CLANG_WARN_OBJC_ROOT_CLASS = YES_ERROR;
				CLANG_WARN_SUSPICIOUS_MOVE = YES;
				CLANG_WARN_UNREACHABLE_CODE = YES;
				CLANG_WARN__DUPLICATE_METHOD_MATCH = YES;
				"CODE_SIGN_IDENTITY[sdk=iphoneos*]" = "iPhone Developer";
				COPY_PHASE_STRIP = NO;
				DEBUG_INFORMATION_FORMAT = "dwarf-with-dsym";
				ENABLE_NS_ASSERTIONS = NO;
				ENABLE_STRICT_OBJC_MSGSEND = YES;
				GCC_C_LANGUAGE_STANDARD = gnu99;
				GCC_NO_COMMON_BLOCKS = YES;
				GCC_WARN_64_TO_32_BIT_CONVERSION = YES;
				GCC_WARN_ABOUT_RETURN_TYPE = YES_ERROR;
				GCC_WARN_UNDECLARED_SELECTOR = YES;
				GCC_WARN_UNINITIALIZED_AUTOS = YES_AGGRESSIVE;
				GCC_WARN_UNUSED_FUNCTION = YES;
				GCC_WARN_UNUSED_VARIABLE = YES;
				IPHONEOS_DEPLOYMENT_TARGET = 10.3;
				MTL_ENABLE_DEBUG_INFO = NO;
				SDKROOT = iphoneos;
				SWIFT_OPTIMIZATION_LEVEL = "-Owholemodule";
				TARGETED_DEVICE_FAMILY = "1,2";
				VALIDATE_PRODUCT = YES;
			};
			name = Release;
		};
		88C928EC1F34333300154780 /* Debug */ = {
			isa = XCBuildConfiguration;
			baseConfigurationReference = 3184D6F59C06E6DA787D3335 /* Pods-PizzaClient.debug.xcconfig */;
			buildSettings = {
				ASSETCATALOG_COMPILER_APPICON_NAME = AppIcon;
				INFOPLIST_FILE = PizzaClient/Info.plist;
				LD_RUNPATH_SEARCH_PATHS = "$(inherited) @executable_path/Frameworks";
				PRODUCT_BUNDLE_IDENTIFIER = com.alwold.PizzaClient;
				PRODUCT_NAME = "$(TARGET_NAME)";
				SWIFT_VERSION = 3.0;
			};
			name = Debug;
		};
		88C928ED1F34333300154780 /* Release */ = {
			isa = XCBuildConfiguration;
			baseConfigurationReference = 04C59DC2B9FC46059CE2967D /* Pods-PizzaClient.release.xcconfig */;
			buildSettings = {
				ASSETCATALOG_COMPILER_APPICON_NAME = AppIcon;
				INFOPLIST_FILE = PizzaClient/Info.plist;
				LD_RUNPATH_SEARCH_PATHS = "$(inherited) @executable_path/Frameworks";
				PRODUCT_BUNDLE_IDENTIFIER = com.alwold.PizzaClient;
				PRODUCT_NAME = "$(TARGET_NAME)";
				SWIFT_VERSION = 3.0;
			};
			name = Release;
		};
/* End XCBuildConfiguration section */

/* Begin XCConfigurationList section */
		88C928D41F34333300154780 /* Build configuration list for PBXProject "PizzaClient" */ = {
			isa = XCConfigurationList;
			buildConfigurations = (
				88C928E91F34333300154780 /* Debug */,
				88C928EA1F34333300154780 /* Release */,
			);
			defaultConfigurationIsVisible = 0;
			defaultConfigurationName = Release;
		};
		88C928EB1F34333300154780 /* Build configuration list for PBXNativeTarget "PizzaClient" */ = {
			isa = XCConfigurationList;
			buildConfigurations = (
				88C928EC1F34333300154780 /* Debug */,
				88C928ED1F34333300154780 /* Release */,
			);
			defaultConfigurationIsVisible = 0;
			defaultConfigurationName = Release;
		};
/* End XCConfigurationList section */
	};
	rootObject = 88C928D11F34333300154780 /* Project object */;
}
